{
    "_readme": [
        "This file locks the dependencies of your project to a known state",
        "Read more about it at https://getcomposer.org/doc/01-basic-usage.md#installing-dependencies",
        "This file is @generated automatically"
    ],
    "content-hash": "485f0d4f3a8ab7c58b1981c8fedad5c9",
    "packages": [
        {
            "name": "muyomu/config",
            "version": "v1.0.8",
            "source": {
                "type": "git",
                "url": "https://github.com/muyomu/config.git",
                "reference": "df3ed78e3ba1645d5b40ee1c956ee675cbc82c4c"
            },
            "dist": {
                "type": "zip",
                "url": "https://api.github.com/repos/muyomu/config/zipball/df3ed78e3ba1645d5b40ee1c956ee675cbc82c4c",
                "reference": "df3ed78e3ba1645d5b40ee1c956ee675cbc82c4c",
                "shasum": ""
            },
            "type": "library",
            "autoload": {
                "psr-4": {
                    "muyomu\\config\\": "src/"
                }
            },
            "notification-url": "https://packagist.org/downloads/",
            "license": [
                "apache-2.0"
            ],
            "authors": [
                {
                    "name": "mutian",
                    "email": "bhfqlz@outlook.com"
                }
            ],
            "description": "The config framework for muyomu web framework",
            "support": {
                "issues": "https://github.com/muyomu/config/issues",
                "source": "https://github.com/muyomu/config/tree/v1.0.8"
            },
            "time": "2022-11-26T12:51:37+00:00"
        }
    ],
    "packages-dev": [],
    "aliases": [],
    "minimum-stability": "dev",
    "stability-flags": [],
    "prefer-stable": false,
    "prefer-lowest": false,
    "platform": [],
    "platform-dev": [],
    "plugin-api-version": "2.3.0"
}
